
Microsoft Visual Studio Solution File, Format Version 12.00
# Visual Studio 14
VisualStudioVersion = 14.0.25420.1
MinimumVisualStudioVersion = 10.0.40219.1
Project("{FAE04EC0-301F-11D3-BF4B-00C04F79EFBC}") = "IronProgrammer", "IronProgrammer\IronProgrammer.csproj", "{88054F2D-77C4-48B8-985E-8568AED5E431}"
EndProject
Project("{2150E333-8FDC-42A3-9474-1A3956D46DE8}") = "Domain", "Domain", "{DCE04102-A963-428B-B723-B8D32321E47F}"
EndProject
Project("{FAE04EC0-301F-11D3-BF4B-00C04F79EFBC}") = "IronProgrammer.Domain.Core", "IronProgrammer.Domain.Core\IronProgrammer.Domain.Core.csproj", "{7C2F8253-732E-4368-9A06-EBF8F7194986}"
EndProject
Project("{FAE04EC0-301F-11D3-BF4B-00C04F79EFBC}") = "IronProgrammer.Domain.Interfaces", "IronProgrammer.Domain.Interfaces\IronProgrammer.Domain.Interfaces.csproj", "{1308142D-C1DE-4456-8056-014DDFA5C76E}"
EndProject
Project("{2150E333-8FDC-42A3-9474-1A3956D46DE8}") = "Infrastructure", "Infrastructure", "{C2415CFF-A797-4187-8BAF-BB0EF4E2CBE5}"
EndProject
Project("{FAE04EC0-301F-11D3-BF4B-00C04F79EFBC}") = "IronProgrammer.Infrastructure.Data", "IronProgrammer.Infrastructure.Data\IronProgrammer.Infrastructure.Data.csproj", "{BE6629A5-7C19-4801-BE4B-5CC6AEB08FEA}"
EndProject
Global
	GlobalSection(SolutionConfigurationPlatforms) = preSolution
		Debug|Any CPU = Debug|Any CPU
		Release|Any CPU = Release|Any CPU
	EndGlobalSection
	GlobalSection(ProjectConfigurationPlatforms) = postSolution
		{88054F2D-77C4-48B8-985E-8568AED5E431}.Debug|Any CPU.ActiveCfg = Debug|Any CPU
		{88054F2D-77C4-48B8-985E-8568AED5E431}.Debug|Any CPU.Build.0 = Debug|Any CPU
		{88054F2D-77C4-48B8-985E-8568AED5E431}.Release|Any CPU.ActiveCfg = Release|Any CPU
		{88054F2D-77C4-48B8-985E-8568AED5E431}.Release|Any CPU.Build.0 = Release|Any CPU
		{7C2F8253-732E-4368-9A06-EBF8F7194986}.Debug|Any CPU.ActiveCfg = Debug|Any CPU
		{7C2F8253-732E-4368-9A06-EBF8F7194986}.Debug|Any CPU.Build.0 = Debug|Any CPU
		{7C2F8253-732E-4368-9A06-EBF8F7194986}.Release|Any CPU.ActiveCfg = Release|Any CPU
		{7C2F8253-732E-4368-9A06-EBF8F7194986}.Release|Any CPU.Build.0 = Release|Any CPU
		{1308142D-C1DE-4456-8056-014DDFA5C76E}.Debug|Any CPU.ActiveCfg = Debug|Any CPU
		{1308142D-C1DE-4456-8056-014DDFA5C76E}.Debug|Any CPU.Build.0 = Debug|Any CPU
		{1308142D-C1DE-4456-8056-014DDFA5C76E}.Release|Any CPU.ActiveCfg = Release|Any CPU
		{1308142D-C1DE-4456-8056-014DDFA5C76E}.Release|Any CPU.Build.0 = Release|Any CPU
		{BE6629A5-7C19-4801-BE4B-5CC6AEB08FEA}.Debug|Any CPU.ActiveCfg = Debug|Any CPU
		{BE6629A5-7C19-4801-BE4B-5CC6AEB08FEA}.Debug|Any CPU.Build.0 = Debug|Any CPU
		{BE6629A5-7C19-4801-BE4B-5CC6AEB08FEA}.Release|Any CPU.ActiveCfg = Release|Any CPU
		{BE6629A5-7C19-4801-BE4B-5CC6AEB08FEA}.Release|Any CPU.Build.0 = Release|Any CPU
	EndGlobalSection
	GlobalSection(SolutionProperties) = preSolution
		HideSolutionNode = FALSE
	EndGlobalSection
	GlobalSection(NestedProjects) = preSolution
		{7C2F8253-732E-4368-9A06-EBF8F7194986} = {DCE04102-A963-428B-B723-B8D32321E47F}
		{1308142D-C1DE-4456-8056-014DDFA5C76E} = {DCE04102-A963-428B-B723-B8D32321E47F}
		{BE6629A5-7C19-4801-BE4B-5CC6AEB08FEA} = {C2415CFF-A797-4187-8BAF-BB0EF4E2CBE5}
	EndGlobalSection
EndGlobal
